
Microsoft Visual Studio Solution File, Format Version 12.00
# Visual Studio 2013
VisualStudioVersion = 12.0.31101.0
MinimumVisualStudioVersion = 10.0.40219.1
Project("{F2A71F9B-5D33-465A-A702-920D77279786}") = "99FSharpProblems.Core", "99FSharpProblems.Core\99FSharpProblems.Core.fsproj", "{60D626DA-943D-4F80-B8C8-34F5A1869333}"
EndProject
Project("{F2A71F9B-5D33-465A-A702-920D77279786}") = "99FSharpProblems.Tests", "99FSharpProblems.Tests\99FSharpProblems.Tests.fsproj", "{442779FD-FE34-445F-BFA5-16F7746E7BA0}"
EndProject
Project("{2150E333-8FDC-42A3-9474-1A3956D46DE8}") = ".nuget", ".nuget", "{E6F1D580-5E33-45E7-8AC2-1D975F92B172}"
	ProjectSection(SolutionItems) = preProject
		.nuget\packages.config = .nuget\packages.config
	EndProjectSection
EndProject
Global
	GlobalSection(SolutionConfigurationPlatforms) = preSolution
		Debug|Any CPU = Debug|Any CPU
		Release|Any CPU = Release|Any CPU
	EndGlobalSection
	GlobalSection(ProjectConfigurationPlatforms) = postSolution
		{60D626DA-943D-4F80-B8C8-34F5A1869333}.Debug|Any CPU.ActiveCfg = Debug|Any CPU
		{60D626DA-943D-4F80-B8C8-34F5A1869333}.Debug|Any CPU.Build.0 = Debug|Any CPU
		{60D626DA-943D-4F80-B8C8-34F5A1869333}.Release|Any CPU.ActiveCfg = Release|Any CPU
		{60D626DA-943D-4F80-B8C8-34F5A1869333}.Release|Any CPU.Build.0 = Release|Any CPU
		{442779FD-FE34-445F-BFA5-16F7746E7BA0}.Debug|Any CPU.ActiveCfg = Debug|Any CPU
		{442779FD-FE34-445F-BFA5-16F7746E7BA0}.Debug|Any CPU.Build.0 = Debug|Any CPU
		{442779FD-FE34-445F-BFA5-16F7746E7BA0}.Release|Any CPU.ActiveCfg = Release|Any CPU
		{442779FD-FE34-445F-BFA5-16F7746E7BA0}.Release|Any CPU.Build.0 = Release|Any CPU
	EndGlobalSection
	GlobalSection(SolutionProperties) = preSolution
		HideSolutionNode = FALSE
	EndGlobalSection
EndGlobal
